
Microsoft Visual Studio Solution File, Format Version 12.00
# Visual Studio 2012
Project("{2857B73E-F847-4B02-9238-064979017E93}") = "PiConnector", "PiConnector\PiConnector.cproj", "{12E06183-56C3-4124-9D3E-5B004368B042}"
EndProject
Project("{FAE04EC0-301F-11D3-BF4B-00C04F79EFBC}") = "PiHardware", "PiHardware\PiHardware.csproj", "{C1D58F91-23E2-4AC8-A682-2258AB7C3208}"
EndProject
Project("{2150E333-8FDC-42A3-9474-1A3956D46DE8}") = "Tests", "Tests", "{A7D59940-7FA4-495C-ACC8-30241C235B04}"
EndProject
Project("{FAE04EC0-301F-11D3-BF4B-00C04F79EFBC}") = "LedTest", "Tests\LedTest\LedTest.csproj", "{5B3A4293-7D09-4560-A613-FC9262E116BF}"
EndProject
Project("{FAE04EC0-301F-11D3-BF4B-00C04F79EFBC}") = "JoystickTest", "Tests\JoystickTest\JoystickTest.csproj", "{2ADBB65B-6664-42C2-B36F-CA562AC2B705}"
EndProject
Project("{FAE04EC0-301F-11D3-BF4B-00C04F79EFBC}") = "SN74HC595_Test", "Tests\SN74HC595_Test\SN74HC595_Test.csproj", "{1E0949C6-E868-49D1-A384-E9684F876537}"
EndProject
Global
	GlobalSection(SolutionConfigurationPlatforms) = preSolution
		Debug|Any CPU = Debug|Any CPU
		Release|Any CPU = Release|Any CPU
	EndGlobalSection
	GlobalSection(ProjectConfigurationPlatforms) = postSolution
		{12E06183-56C3-4124-9D3E-5B004368B042}.Debug|Any CPU.ActiveCfg = Debug|Any CPU
		{12E06183-56C3-4124-9D3E-5B004368B042}.Debug|Any CPU.Build.0 = Debug|Any CPU
		{12E06183-56C3-4124-9D3E-5B004368B042}.Release|Any CPU.ActiveCfg = Release|Any CPU
		{12E06183-56C3-4124-9D3E-5B004368B042}.Release|Any CPU.Build.0 = Release|Any CPU
		{1E0949C6-E868-49D1-A384-E9684F876537}.Debug|Any CPU.ActiveCfg = Debug|Any CPU
		{1E0949C6-E868-49D1-A384-E9684F876537}.Debug|Any CPU.Build.0 = Debug|Any CPU
		{1E0949C6-E868-49D1-A384-E9684F876537}.Release|Any CPU.ActiveCfg = Release|Any CPU
		{1E0949C6-E868-49D1-A384-E9684F876537}.Release|Any CPU.Build.0 = Release|Any CPU
		{2ADBB65B-6664-42C2-B36F-CA562AC2B705}.Debug|Any CPU.ActiveCfg = Debug|Any CPU
		{2ADBB65B-6664-42C2-B36F-CA562AC2B705}.Debug|Any CPU.Build.0 = Debug|Any CPU
		{2ADBB65B-6664-42C2-B36F-CA562AC2B705}.Release|Any CPU.ActiveCfg = Release|Any CPU
		{2ADBB65B-6664-42C2-B36F-CA562AC2B705}.Release|Any CPU.Build.0 = Release|Any CPU
		{5B3A4293-7D09-4560-A613-FC9262E116BF}.Debug|Any CPU.ActiveCfg = Debug|Any CPU
		{5B3A4293-7D09-4560-A613-FC9262E116BF}.Debug|Any CPU.Build.0 = Debug|Any CPU
		{5B3A4293-7D09-4560-A613-FC9262E116BF}.Release|Any CPU.ActiveCfg = Release|Any CPU
		{5B3A4293-7D09-4560-A613-FC9262E116BF}.Release|Any CPU.Build.0 = Release|Any CPU
		{C1D58F91-23E2-4AC8-A682-2258AB7C3208}.Debug|Any CPU.ActiveCfg = Debug|Any CPU
		{C1D58F91-23E2-4AC8-A682-2258AB7C3208}.Debug|Any CPU.Build.0 = Debug|Any CPU
		{C1D58F91-23E2-4AC8-A682-2258AB7C3208}.Release|Any CPU.ActiveCfg = Release|Any CPU
		{C1D58F91-23E2-4AC8-A682-2258AB7C3208}.Release|Any CPU.Build.0 = Release|Any CPU
	EndGlobalSection
	GlobalSection(NestedProjects) = preSolution
		{5B3A4293-7D09-4560-A613-FC9262E116BF} = {A7D59940-7FA4-495C-ACC8-30241C235B04}
		{2ADBB65B-6664-42C2-B36F-CA562AC2B705} = {A7D59940-7FA4-495C-ACC8-30241C235B04}
		{1E0949C6-E868-49D1-A384-E9684F876537} = {A7D59940-7FA4-495C-ACC8-30241C235B04}
	EndGlobalSection
	GlobalSection(MonoDevelopProperties) = preSolution
		Policies = $0
		$0.DotNetNamingPolicy = $1
		$1.DirectoryNamespaceAssociation = None
		$1.ResourceNamePolicy = FileFormatDefault
		$0.TextStylePolicy = $2
		$2.inheritsSet = VisualStudio
		$2.inheritsScope = text/plain
		$2.scope = text/x-csrc
		$0.TextStylePolicy = $3
		$3.inheritsSet = VisualStudio
		$3.inheritsScope = text/plain
		$3.scope = text/plain
		$0.TextStylePolicy = $4
		$4.inheritsSet = VisualStudio
		$4.inheritsScope = text/plain
		$4.scope = text/x-csharp
		$0.CSharpFormattingPolicy = $5
		$5.IndentSwitchBody = True
		$5.IndentBlocksInsideExpressions = True
		$5.AnonymousMethodBraceStyle = NextLine
		$5.PropertyBraceStyle = NextLine
		$5.PropertyGetBraceStyle = NextLine
		$5.PropertySetBraceStyle = NextLine
		$5.EventBraceStyle = NextLine
		$5.EventAddBraceStyle = NextLine
		$5.EventRemoveBraceStyle = NextLine
		$5.StatementBraceStyle = NextLine
		$5.ElseNewLinePlacement = NewLine
		$5.CatchNewLinePlacement = NewLine
		$5.FinallyNewLinePlacement = NewLine
		$5.WhileNewLinePlacement = DoNotCare
		$5.ArrayInitializerWrapping = DoNotChange
		$5.ArrayInitializerBraceStyle = NextLine
		$5.BeforeMethodDeclarationParentheses = False
		$5.BeforeMethodCallParentheses = False
		$5.BeforeConstructorDeclarationParentheses = False
		$5.NewLineBeforeConstructorInitializerColon = NewLine
		$5.NewLineAfterConstructorInitializerColon = SameLine
		$5.BeforeDelegateDeclarationParentheses = False
		$5.NewParentheses = False
		$5.SpacesBeforeBrackets = False
		$5.inheritsSet = Mono
		$5.inheritsScope = text/x-csharp
		$5.scope = text/x-csharp
		StartupItem = Test\Test.csproj
	EndGlobalSection
EndGlobal
